
Microsoft Visual Studio Solution File, Format Version 12.00
# Visual Studio Version 17
VisualStudioVersion = 17.4.33213.308
MinimumVisualStudioVersion = 10.0.40219.1
Project("{9A19103F-16F7-4668-BE54-9A1E7A4F7556}") = "NTDLS.Katzebase.SQLServerMigration", "NTDLS.Katzebase.SQLServerMigration\NTDLS.Katzebase.SQLServerMigration.csproj", "{F05BD51C-26E8-4E20-81E3-1DD61E57AA50}"
EndProject
Global
	GlobalSection(SolutionConfigurationPlatforms) = preSolution
		Debug|Any CPU = Debug|Any CPU
		Release|Any CPU = Release|Any CPU
	EndGlobalSection
	GlobalSection(ProjectConfigurationPlatforms) = postSolution
		{F05BD51C-26E8-4E20-81E3-1DD61E57AA50}.Debug|Any CPU.ActiveCfg = Debug|Any CPU
		{F05BD51C-26E8-4E20-81E3-1DD61E57AA50}.Debug|Any CPU.Build.0 = Debug|Any CPU
		{F05BD51C-26E8-4E20-81E3-1DD61E57AA50}.Release|Any CPU.ActiveCfg = Release|Any CPU
		{F05BD51C-26E8-4E20-81E3-1DD61E57AA50}.Release|Any CPU.Build.0 = Release|Any CPU
	EndGlobalSection
	GlobalSection(SolutionProperties) = preSolution
		HideSolutionNode = FALSE
	EndGlobalSection
	GlobalSection(ExtensibilityGlobals) = postSolution
		SolutionGuid = {16ADDA6D-28A3-4730-94D0-61E6D3E723B0}
	EndGlobalSection
EndGlobal
